
Microsoft Visual Studio Solution File, Format Version 12.00
# Visual Studio Version 17
VisualStudioVersion = 17.10.35027.167
MinimumVisualStudioVersion = 10.0.40219.1
Project("{FAE04EC0-301F-11D3-BF4B-00C04F79EFBC}") = "Main", "ConsoleApp1\Main.csproj", "{507DD833-5421-47A4-84CF-4BB705EC7FF5}"
EndProject
Project("{FAE04EC0-301F-11D3-BF4B-00C04F79EFBC}") = "ConsoleApp2", "ConsoleApp2\ConsoleApp2.csproj", "{BBA4721F-D411-418B-90D2-87A251F2D49D}"
EndProject
Project("{FAE04EC0-301F-11D3-BF4B-00C04F79EFBC}") = "interfacetest", "interfacetest\interfacetest.csproj", "{31F83DD1-A5C7-4FE9-9768-F86656F2BE52}"
EndProject
Project("{FAE04EC0-301F-11D3-BF4B-00C04F79EFBC}") = "Polymorphism1", "ConsoleApp3\Polymorphism1.csproj", "{2B582314-E079-4347-93BA-576B0AC1422A}"
EndProject
Project("{FAE04EC0-301F-11D3-BF4B-00C04F79EFBC}") = "Polymorphism", "ConsoleApp4\Polymorphism.csproj", "{55853F29-2A0B-42EA-895F-6FAD04BB65C1}"
EndProject
Project("{FAE04EC0-301F-11D3-BF4B-00C04F79EFBC}") = "ExtensionMethod", "ExtensionMethod\ExtensionMethod.csproj", "{99D0F7A5-B4B6-4190-AE7E-F74EA1699582}"
EndProject
Project("{FAE04EC0-301F-11D3-BF4B-00C04F79EFBC}") = "Delegate", "Delegate\Delegate.csproj", "{992BFCE6-0676-4234-BBB0-9648CE867FBF}"
EndProject
Project("{FAE04EC0-301F-11D3-BF4B-00C04F79EFBC}") = "TryCatch", "TryCatch\TryCatch.csproj", "{50AE55B9-1021-432E-B485-DC37CACA5A01}"
EndProject
Project("{FAE04EC0-301F-11D3-BF4B-00C04F79EFBC}") = "ThreadAndTask", "ThreadAndTask\ThreadAndTask.csproj", "{83062B49-F7D4-42CB-9575-077F5FA7A6EF}"
EndProject
Project("{FAE04EC0-301F-11D3-BF4B-00C04F79EFBC}") = "FileHandling", "FileHandling\FileHandling.csproj", "{61523833-4456-41A7-B366-088D5D52D658}"
EndProject
Project("{FAE04EC0-301F-11D3-BF4B-00C04F79EFBC}") = "FiledHandling1", "FiledHandling1\FiledHandling1.csproj", "{D232406C-A8F3-4EFB-81BF-8005D3FFF155}"
EndProject
Project("{FAE04EC0-301F-11D3-BF4B-00C04F79EFBC}") = "MouseClick", "MouseClick\MouseClick.csproj", "{9059B4EE-DCBA-404A-87E0-0F3BD089A869}"
EndProject
Project("{FAE04EC0-301F-11D3-BF4B-00C04F79EFBC}") = "FileCopySearch", "FileCopySearch\FileCopySearch.csproj", "{5973421B-8F65-487E-88DF-50643B77B1B2}"
EndProject
Project("{FAE04EC0-301F-11D3-BF4B-00C04F79EFBC}") = "MultiThread", "MultiThread\MultiThread.csproj", "{70E293EF-99F1-4151-A99C-C1001B0E21E9}"
EndProject
Project("{FAE04EC0-301F-11D3-BF4B-00C04F79EFBC}") = "MorseWinform", "MorseWinform\MorseWinform.csproj", "{389894FE-171B-48B8-B980-D90EE4D85393}"
EndProject
Project("{FAE04EC0-301F-11D3-BF4B-00C04F79EFBC}") = "Morse", "Morse\Morse.csproj", "{EEAD4410-4B26-46A4-B6E5-8FF65452DA26}"
EndProject
Project("{FAE04EC0-301F-11D3-BF4B-00C04F79EFBC}") = "MetroUITest", "MetroUITest\MetroUITest.csproj", "{DA3F1F7C-427D-4278-8675-994198B2103B}"
EndProject
Project("{FAE04EC0-301F-11D3-BF4B-00C04F79EFBC}") = "MetroUIManager", "MetroUIManager\MetroUIManager.csproj", "{86500204-44A0-4BCB-8F15-C058E4264740}"
EndProject
Global
	GlobalSection(SolutionConfigurationPlatforms) = preSolution
		Debug|Any CPU = Debug|Any CPU
		Release|Any CPU = Release|Any CPU
	EndGlobalSection
	GlobalSection(ProjectConfigurationPlatforms) = postSolution
		{507DD833-5421-47A4-84CF-4BB705EC7FF5}.Debug|Any CPU.ActiveCfg = Debug|Any CPU
		{507DD833-5421-47A4-84CF-4BB705EC7FF5}.Debug|Any CPU.Build.0 = Debug|Any CPU
		{507DD833-5421-47A4-84CF-4BB705EC7FF5}.Release|Any CPU.ActiveCfg = Release|Any CPU
		{507DD833-5421-47A4-84CF-4BB705EC7FF5}.Release|Any CPU.Build.0 = Release|Any CPU
		{BBA4721F-D411-418B-90D2-87A251F2D49D}.Debug|Any CPU.ActiveCfg = Debug|Any CPU
		{BBA4721F-D411-418B-90D2-87A251F2D49D}.Debug|Any CPU.Build.0 = Debug|Any CPU
		{BBA4721F-D411-418B-90D2-87A251F2D49D}.Release|Any CPU.ActiveCfg = Release|Any CPU
		{BBA4721F-D411-418B-90D2-87A251F2D49D}.Release|Any CPU.Build.0 = Release|Any CPU
		{31F83DD1-A5C7-4FE9-9768-F86656F2BE52}.Debug|Any CPU.ActiveCfg = Debug|Any CPU
		{31F83DD1-A5C7-4FE9-9768-F86656F2BE52}.Debug|Any CPU.Build.0 = Debug|Any CPU
		{31F83DD1-A5C7-4FE9-9768-F86656F2BE52}.Release|Any CPU.ActiveCfg = Release|Any CPU
		{31F83DD1-A5C7-4FE9-9768-F86656F2BE52}.Release|Any CPU.Build.0 = Release|Any CPU
		{2B582314-E079-4347-93BA-576B0AC1422A}.Debug|Any CPU.ActiveCfg = Debug|Any CPU
		{2B582314-E079-4347-93BA-576B0AC1422A}.Debug|Any CPU.Build.0 = Debug|Any CPU
		{2B582314-E079-4347-93BA-576B0AC1422A}.Release|Any CPU.ActiveCfg = Release|Any CPU
		{2B582314-E079-4347-93BA-576B0AC1422A}.Release|Any CPU.Build.0 = Release|Any CPU
		{55853F29-2A0B-42EA-895F-6FAD04BB65C1}.Debug|Any CPU.ActiveCfg = Debug|Any CPU
		{55853F29-2A0B-42EA-895F-6FAD04BB65C1}.Debug|Any CPU.Build.0 = Debug|Any CPU
		{55853F29-2A0B-42EA-895F-6FAD04BB65C1}.Release|Any CPU.ActiveCfg = Release|Any CPU
		{55853F29-2A0B-42EA-895F-6FAD04BB65C1}.Release|Any CPU.Build.0 = Release|Any CPU
		{99D0F7A5-B4B6-4190-AE7E-F74EA1699582}.Debug|Any CPU.ActiveCfg = Debug|Any CPU
		{99D0F7A5-B4B6-4190-AE7E-F74EA1699582}.Debug|Any CPU.Build.0 = Debug|Any CPU
		{99D0F7A5-B4B6-4190-AE7E-F74EA1699582}.Release|Any CPU.ActiveCfg = Release|Any CPU
		{99D0F7A5-B4B6-4190-AE7E-F74EA1699582}.Release|Any CPU.Build.0 = Release|Any CPU
		{992BFCE6-0676-4234-BBB0-9648CE867FBF}.Debug|Any CPU.ActiveCfg = Debug|Any CPU
		{992BFCE6-0676-4234-BBB0-9648CE867FBF}.Debug|Any CPU.Build.0 = Debug|Any CPU
		{992BFCE6-0676-4234-BBB0-9648CE867FBF}.Release|Any CPU.ActiveCfg = Release|Any CPU
		{992BFCE6-0676-4234-BBB0-9648CE867FBF}.Release|Any CPU.Build.0 = Release|Any CPU
		{50AE55B9-1021-432E-B485-DC37CACA5A01}.Debug|Any CPU.ActiveCfg = Debug|Any CPU
		{50AE55B9-1021-432E-B485-DC37CACA5A01}.Debug|Any CPU.Build.0 = Debug|Any CPU
		{50AE55B9-1021-432E-B485-DC37CACA5A01}.Release|Any CPU.ActiveCfg = Release|Any CPU
		{50AE55B9-1021-432E-B485-DC37CACA5A01}.Release|Any CPU.Build.0 = Release|Any CPU
		{83062B49-F7D4-42CB-9575-077F5FA7A6EF}.Debug|Any CPU.ActiveCfg = Debug|Any CPU
		{83062B49-F7D4-42CB-9575-077F5FA7A6EF}.Debug|Any CPU.Build.0 = Debug|Any CPU
		{83062B49-F7D4-42CB-9575-077F5FA7A6EF}.Release|Any CPU.ActiveCfg = Release|Any CPU
		{83062B49-F7D4-42CB-9575-077F5FA7A6EF}.Release|Any CPU.Build.0 = Release|Any CPU
		{61523833-4456-41A7-B366-088D5D52D658}.Debug|Any CPU.ActiveCfg = Debug|Any CPU
		{61523833-4456-41A7-B366-088D5D52D658}.Debug|Any CPU.Build.0 = Debug|Any CPU
		{61523833-4456-41A7-B366-088D5D52D658}.Release|Any CPU.ActiveCfg = Release|Any CPU
		{61523833-4456-41A7-B366-088D5D52D658}.Release|Any CPU.Build.0 = Release|Any CPU
		{D232406C-A8F3-4EFB-81BF-8005D3FFF155}.Debug|Any CPU.ActiveCfg = Debug|Any CPU
		{D232406C-A8F3-4EFB-81BF-8005D3FFF155}.Debug|Any CPU.Build.0 = Debug|Any CPU
		{D232406C-A8F3-4EFB-81BF-8005D3FFF155}.Release|Any CPU.ActiveCfg = Release|Any CPU
		{D232406C-A8F3-4EFB-81BF-8005D3FFF155}.Release|Any CPU.Build.0 = Release|Any CPU
		{9059B4EE-DCBA-404A-87E0-0F3BD089A869}.Debug|Any CPU.ActiveCfg = Debug|Any CPU
		{9059B4EE-DCBA-404A-87E0-0F3BD089A869}.Debug|Any CPU.Build.0 = Debug|Any CPU
		{9059B4EE-DCBA-404A-87E0-0F3BD089A869}.Release|Any CPU.ActiveCfg = Release|Any CPU
		{9059B4EE-DCBA-404A-87E0-0F3BD089A869}.Release|Any CPU.Build.0 = Release|Any CPU
		{5973421B-8F65-487E-88DF-50643B77B1B2}.Debug|Any CPU.ActiveCfg = Debug|Any CPU
		{5973421B-8F65-487E-88DF-50643B77B1B2}.Debug|Any CPU.Build.0 = Debug|Any CPU
		{5973421B-8F65-487E-88DF-50643B77B1B2}.Release|Any CPU.ActiveCfg = Release|Any CPU
		{5973421B-8F65-487E-88DF-50643B77B1B2}.Release|Any CPU.Build.0 = Release|Any CPU
		{70E293EF-99F1-4151-A99C-C1001B0E21E9}.Debug|Any CPU.ActiveCfg = Debug|Any CPU
		{70E293EF-99F1-4151-A99C-C1001B0E21E9}.Debug|Any CPU.Build.0 = Debug|Any CPU
		{70E293EF-99F1-4151-A99C-C1001B0E21E9}.Release|Any CPU.ActiveCfg = Release|Any CPU
		{70E293EF-99F1-4151-A99C-C1001B0E21E9}.Release|Any CPU.Build.0 = Release|Any CPU
		{389894FE-171B-48B8-B980-D90EE4D85393}.Debug|Any CPU.ActiveCfg = Debug|Any CPU
		{389894FE-171B-48B8-B980-D90EE4D85393}.Debug|Any CPU.Build.0 = Debug|Any CPU
		{389894FE-171B-48B8-B980-D90EE4D85393}.Release|Any CPU.ActiveCfg = Release|Any CPU
		{389894FE-171B-48B8-B980-D90EE4D85393}.Release|Any CPU.Build.0 = Release|Any CPU
		{EEAD4410-4B26-46A4-B6E5-8FF65452DA26}.Debug|Any CPU.ActiveCfg = Debug|Any CPU
		{EEAD4410-4B26-46A4-B6E5-8FF65452DA26}.Debug|Any CPU.Build.0 = Debug|Any CPU
		{EEAD4410-4B26-46A4-B6E5-8FF65452DA26}.Release|Any CPU.ActiveCfg = Release|Any CPU
		{EEAD4410-4B26-46A4-B6E5-8FF65452DA26}.Release|Any CPU.Build.0 = Release|Any CPU
		{DA3F1F7C-427D-4278-8675-994198B2103B}.Debug|Any CPU.ActiveCfg = Debug|Any CPU
		{DA3F1F7C-427D-4278-8675-994198B2103B}.Debug|Any CPU.Build.0 = Debug|Any CPU
		{DA3F1F7C-427D-4278-8675-994198B2103B}.Release|Any CPU.ActiveCfg = Release|Any CPU
		{DA3F1F7C-427D-4278-8675-994198B2103B}.Release|Any CPU.Build.0 = Release|Any CPU
		{86500204-44A0-4BCB-8F15-C058E4264740}.Debug|Any CPU.ActiveCfg = Debug|Any CPU
		{86500204-44A0-4BCB-8F15-C058E4264740}.Debug|Any CPU.Build.0 = Debug|Any CPU
		{86500204-44A0-4BCB-8F15-C058E4264740}.Release|Any CPU.ActiveCfg = Release|Any CPU
		{86500204-44A0-4BCB-8F15-C058E4264740}.Release|Any CPU.Build.0 = Release|Any CPU
	EndGlobalSection
	GlobalSection(SolutionProperties) = preSolution
		HideSolutionNode = FALSE
	EndGlobalSection
	GlobalSection(ExtensibilityGlobals) = postSolution
		SolutionGuid = {3907B0F6-BC9D-48F9-9C11-E09D946D3633}
	EndGlobalSection
EndGlobal
